
Microsoft Visual Studio Solution File, Format Version 12.00
# Visual Studio Version 16
VisualStudioVersion = 16.0.29728.190
MinimumVisualStudioVersion = 10.0.40219.1
Project("{9A19103F-16F7-4668-BE54-9A1E7A4F7556}") = "Interpreter", "Interpreter\Interpreter.csproj", "{D3DF2C7A-A615-4DB7-8BE6-71D1E9C34747}"
EndProject
Global
	GlobalSection(SolutionConfigurationPlatforms) = preSolution
		Debug|Any CPU = Debug|Any CPU
		Release|Any CPU = Release|Any CPU
	EndGlobalSection
	GlobalSection(ProjectConfigurationPlatforms) = postSolution
		{D3DF2C7A-A615-4DB7-8BE6-71D1E9C34747}.Debug|Any CPU.ActiveCfg = Debug|Any CPU
		{D3DF2C7A-A615-4DB7-8BE6-71D1E9C34747}.Debug|Any CPU.Build.0 = Debug|Any CPU
		{D3DF2C7A-A615-4DB7-8BE6-71D1E9C34747}.Release|Any CPU.ActiveCfg = Release|Any CPU
		{D3DF2C7A-A615-4DB7-8BE6-71D1E9C34747}.Release|Any CPU.Build.0 = Release|Any CPU
	EndGlobalSection
	GlobalSection(SolutionProperties) = preSolution
		HideSolutionNode = FALSE
	EndGlobalSection
	GlobalSection(ExtensibilityGlobals) = postSolution
		SolutionGuid = {3EDC1616-7302-41F5-8625-45D23FE11FC7}
	EndGlobalSection
EndGlobal
